
Microsoft Visual Studio Solution File, Format Version 12.00
# Visual Studio 2012
Project("{FAE04EC0-301F-11D3-BF4B-00C04F79EFBC}") = "NTimeAgo", "NTimeAgo\NTimeAgo.csproj", "{CA51FEA2-81CC-4CEE-B563-7BB6B39983B4}"
EndProject
Project("{FAE04EC0-301F-11D3-BF4B-00C04F79EFBC}") = "NTimeAgo.Tests", "NTimeAgo.Tests\NTimeAgo.Tests.csproj", "{D58CF988-EB31-4228-8A16-411591A45BFC}"
EndProject
Project("{2150E333-8FDC-42A3-9474-1A3956D46DE8}") = ".nuget", ".nuget", "{151D320A-84DF-4197-8C74-58F377A806D9}"
	ProjectSection(SolutionItems) = preProject
		NTimeAgo.nuspec = NTimeAgo.nuspec
		.nuget\NuGet.Config = .nuget\NuGet.Config
		.nuget\NuGet.exe = .nuget\NuGet.exe
		.nuget\NuGet.targets = .nuget\NuGet.targets
	EndProjectSection
EndProject
Global
	GlobalSection(SolutionConfigurationPlatforms) = preSolution
		Debug|Any CPU = Debug|Any CPU
		Release|Any CPU = Release|Any CPU
	EndGlobalSection
	GlobalSection(ProjectConfigurationPlatforms) = postSolution
		{CA51FEA2-81CC-4CEE-B563-7BB6B39983B4}.Debug|Any CPU.ActiveCfg = Debug|Any CPU
		{CA51FEA2-81CC-4CEE-B563-7BB6B39983B4}.Debug|Any CPU.Build.0 = Debug|Any CPU
		{CA51FEA2-81CC-4CEE-B563-7BB6B39983B4}.Release|Any CPU.ActiveCfg = Release|Any CPU
		{CA51FEA2-81CC-4CEE-B563-7BB6B39983B4}.Release|Any CPU.Build.0 = Release|Any CPU
		{D58CF988-EB31-4228-8A16-411591A45BFC}.Debug|Any CPU.ActiveCfg = Debug|Any CPU
		{D58CF988-EB31-4228-8A16-411591A45BFC}.Debug|Any CPU.Build.0 = Debug|Any CPU
		{D58CF988-EB31-4228-8A16-411591A45BFC}.Release|Any CPU.ActiveCfg = Release|Any CPU
		{D58CF988-EB31-4228-8A16-411591A45BFC}.Release|Any CPU.Build.0 = Release|Any CPU
	EndGlobalSection
	GlobalSection(SolutionProperties) = preSolution
		HideSolutionNode = FALSE
	EndGlobalSection
EndGlobal
